<?xml version="1.0" encoding="utf-8"?>
<Project ToolsVersion="4.0" xmlns="http://schemas.microsoft.com/developer/msbuild/2003">
  <ItemGroup>
    <Filter Include="File di origine">
      <UniqueIdentifier>{4FC737F1-C7A5-4376-A066-2A32D752A2FF}</UniqueIdentifier>
      <Extensions>cpp;c;cc;cxx;c++;cppm;ixx;def;odl;idl;hpj;bat;asm;asmx</Extensions>
    </Filter>
    <Filter Include="File di intestazione">
      <UniqueIdentifier>{93995380-89BD-4b04-88EB-625FBE52EBFB}</UniqueIdentifier>
      <Extensions>h;hh;hpp;hxx;h++;hm;inl;inc;ipp;xsd</Extensions>
    </Filter>
    <Filter Include="File di risorse">
      <UniqueIdentifier>{67DA6AB6-F800-4c08-8B7A-83BB121AAD01}</UniqueIdentifier>
      <Extensions>rc;ico;cur;bmp;dlg;rc2;rct;bin;rgs;gif;jpg;jpeg;jpe;resx;tiff;tif;png;wav;mfcribbon-ms</Extensions>
    </Filter>
  </ItemGroup>
  <ItemGroup>
    <ClCompile Include="Source\Application.cpp">
      <Filter>File di origine</Filter>
    </ClCompile>
    <ClCompile Include="ThirdParty\GLAD\src\glad.c">
      <Filter>File di origine</Filter>
    </ClCompile>
    <ClCompile Include="ThirdParty\imgui\include\backends\imgui_impl_glfw.cpp">
      <Filter>File di origine</Filter>
    </ClCompile>
    <ClCompile Include="ThirdParty\imgui\include\backends\imgui_impl_opengl2.cpp">
      <Filter>File di origine</Filter>
    </ClCompile>
    <ClCompile Include="ThirdParty\imgui\include\backends\imgui_impl_opengl3.cpp">
      <Filter>File di origine</Filter>
    </ClCompile>
    <ClCompile Include="ThirdParty\imgui\include\misc\cpp\imgui_stdlib.cpp">
      <Filter>File di origine</Filter>
    </ClCompile>
    <ClCompile Include="ThirdParty\imgui\include\imgui.cpp">
      <Filter>File di origine</Filter>
    </ClCompile>
    <ClCompile Include="ThirdParty\imgui\include\imgui_draw.cpp">
      <Filter>File di origine</Filter>
    </ClCompile>
    <ClCompile Include="ThirdParty\imgui\include\imgui_tables.cpp">
      <Filter>File di origine</Filter>
    </ClCompile>
    <ClCompile Include="ThirdParty\imgui\include\imgui_widgets.cpp">
      <Filter>File di origine</Filter>
    </ClCompile>
    <ClCompile Include="ThirdParty\stb_image\stb_image.cpp">
      <Filter>File di origine</Filter>
    </ClCompile>
    <ClCompile Include="ThirdParty\TinyFileDialogs\tinyfiledialogs.c">
      <Filter>File di origine</Filter>
    </ClCompile>
    <ClCompile Include="ThirdParty\stb_image\stb_image_write.cpp">
      <Filter>File di origine</Filter>
    </ClCompile>
  </ItemGroup>
  <ItemGroup>
    <ClInclude Include="ThirdParty\GLAD\include\glad\glad.h">
      <Filter>File di intestazione</Filter>
    </ClInclude>
    <ClInclude Include="ThirdParty\GLAD\include\KHR\khrplatform.h">
      <Filter>File di intestazione</Filter>
    </ClInclude>
    <ClInclude Include="ThirdParty\imgui\include\backends\imgui_impl_glfw.h">
      <Filter>File di intestazione</Filter>
    </ClInclude>
    <ClInclude Include="ThirdParty\imgui\include\backends\imgui_impl_opengl2.h">
      <Filter>File di intestazione</Filter>
    </ClInclude>
    <ClInclude Include="ThirdParty\imgui\include\backends\imgui_impl_opengl3.h">
      <Filter>File di intestazione</Filter>
    </ClInclude>
    <ClInclude Include="ThirdParty\imgui\include\backends\imgui_impl_opengl3_loader.h">
      <Filter>File di intestazione</Filter>
    </ClInclude>
    <ClInclude Include="ThirdParty\imgui\include\misc\cpp\imgui_stdlib.h">
      <Filter>File di intestazione</Filter>
    </ClInclude>
    <ClInclude Include="ThirdParty\imgui\include\misc\single_file\imgui_single_file.h">
      <Filter>File di intestazione</Filter>
    </ClInclude>
    <ClInclude Include="ThirdParty\imgui\include\imconfig.h">
      <Filter>File di intestazione</Filter>
    </ClInclude>
    <ClInclude Include="ThirdParty\imgui\include\imgui.h">
      <Filter>File di intestazione</Filter>
    </ClInclude>
    <ClInclude Include="ThirdParty\imgui\include\imgui_internal.h">
      <Filter>File di intestazione</Filter>
    </ClInclude>
    <ClInclude Include="ThirdParty\imgui\include\imstb_rectpack.h">
      <Filter>File di intestazione</Filter>
    </ClInclude>
    <ClInclude Include="ThirdParty\imgui\include\imstb_textedit.h">
      <Filter>File di intestazione</Filter>
    </ClInclude>
    <ClInclude Include="ThirdParty\imgui\include\imstb_truetype.h">
      <Filter>File di intestazione</Filter>
    </ClInclude>
    <ClInclude Include="ThirdParty\stb_image\stb_image.h">
      <Filter>File di intestazione</Filter>
    </ClInclude>
    <ClInclude Include="ThirdParty\TinyFileDialogs\tinyfiledialogs.h">
      <Filter>File di intestazione</Filter>
    </ClInclude>
    <ClInclude Include="ThirdParty\stb_image\stb_image_write.h">
      <Filter>File di intestazione</Filter>
    </ClInclude>
    <ClInclude Include="Source\ImGuiTheme.h">
      <Filter>File di intestazione</Filter>
    </ClInclude>
  </ItemGroup>
  <ItemGroup>
    <Font Include="Content\Fonts\Roboto-Regular.ttf" />
  </ItemGroup>
  <ItemGroup>
    <None Include="imgui.ini" />
  </ItemGroup>
</Project>